// !$*UTF8*$!
{
	archiveVersion = 1;
	classes = {
	};
	objectVersion = 55;
	objects = {

/* Begin PBXBuildFile section */
		2064B47626FDF9A7006AE8E4 /* LandmarkDetail.swift in Sources */ = {isa = PBXBuildFile; fileRef = 2064B47526FDF9A7006AE8E4 /* LandmarkDetail.swift */; };
		20D8128D2702EED500196F60 /* FavoriteButton.swift in Sources */ = {isa = PBXBuildFile; fileRef = 20D8128C2702EED500196F60 /* FavoriteButton.swift */; };
		20F80F5526FDC46B006FA078 /* MapUIApp.swift in Sources */ = {isa = PBXBuildFile; fileRef = 20F80F5426FDC46B006FA078 /* MapUIApp.swift */; };
		20F80F5726FDC46B006FA078 /* ContentView.swift in Sources */ = {isa = PBXBuildFile; fileRef = 20F80F5626FDC46B006FA078 /* ContentView.swift */; };
		20F80F5926FDC46F006FA078 /* Assets.xcassets in Resources */ = {isa = PBXBuildFile; fileRef = 20F80F5826FDC46F006FA078 /* Assets.xcassets */; };
		20F80F5C26FDC46F006FA078 /* Preview Assets.xcassets in Resources */ = {isa = PBXBuildFile; fileRef = 20F80F5B26FDC46F006FA078 /* Preview Assets.xcassets */; };
		20F80F6326FDCFCD006FA078 /* CircleImage.swift in Sources */ = {isa = PBXBuildFile; fileRef = 20F80F6226FDCFCD006FA078 /* CircleImage.swift */; };
		20F80F6526FDD124006FA078 /* MapView.swift in Sources */ = {isa = PBXBuildFile; fileRef = 20F80F6426FDD124006FA078 /* MapView.swift */; };
		20F80F6726FDE14A006FA078 /* landmarkData.json in Resources */ = {isa = PBXBuildFile; fileRef = 20F80F6626FDE149006FA078 /* landmarkData.json */; };
		20F80F6B26FDE49C006FA078 /* ModelData.swift in Sources */ = {isa = PBXBuildFile; fileRef = 20F80F6A26FDE49C006FA078 /* ModelData.swift */; };
		20F80F7026FDE730006FA078 /* LandmarkRows.swift in Sources */ = {isa = PBXBuildFile; fileRef = 20F80F6F26FDE730006FA078 /* LandmarkRows.swift */; };
		20F80F7226FDECE3006FA078 /* Landmark.swift in Sources */ = {isa = PBXBuildFile; fileRef = 20F80F7126FDECE3006FA078 /* Landmark.swift */; };
		20F80F7426FDF400006FA078 /* LandmarkList.swift in Sources */ = {isa = PBXBuildFile; fileRef = 20F80F7326FDF400006FA078 /* LandmarkList.swift */; };
/* End PBXBuildFile section */

/* Begin PBXFileReference section */
		2064B47526FDF9A7006AE8E4 /* LandmarkDetail.swift */ = {isa = PBXFileReference; lastKnownFileType = sourcecode.swift; path = LandmarkDetail.swift; sourceTree = "<group>"; };
		20D8128C2702EED500196F60 /* FavoriteButton.swift */ = {isa = PBXFileReference; lastKnownFileType = sourcecode.swift; path = FavoriteButton.swift; sourceTree = "<group>"; };
		20F80F5126FDC46B006FA078 /* MapUI.app */ = {isa = PBXFileReference; explicitFileType = wrapper.application; includeInIndex = 0; path = MapUI.app; sourceTree = BUILT_PRODUCTS_DIR; };
		20F80F5426FDC46B006FA078 /* MapUIApp.swift */ = {isa = PBXFileReference; lastKnownFileType = sourcecode.swift; path = MapUIApp.swift; sourceTree = "<group>"; };
		20F80F5626FDC46B006FA078 /* ContentView.swift */ = {isa = PBXFileReference; lastKnownFileType = sourcecode.swift; path = ContentView.swift; sourceTree = "<group>"; };
		20F80F5826FDC46F006FA078 /* Assets.xcassets */ = {isa = PBXFileReference; lastKnownFileType = folder.assetcatalog; path = Assets.xcassets; sourceTree = "<group>"; };
		20F80F5B26FDC46F006FA078 /* Preview Assets.xcassets */ = {isa = PBXFileReference; lastKnownFileType = folder.assetcatalog; path = "Preview Assets.xcassets"; sourceTree = "<group>"; };
		20F80F6226FDCFCD006FA078 /* CircleImage.swift */ = {isa = PBXFileReference; lastKnownFileType = sourcecode.swift; path = CircleImage.swift; sourceTree = "<group>"; };
		20F80F6426FDD124006FA078 /* MapView.swift */ = {isa = PBXFileReference; lastKnownFileType = sourcecode.swift; path = MapView.swift; sourceTree = "<group>"; };
		20F80F6626FDE149006FA078 /* landmarkData.json */ = {isa = PBXFileReference; fileEncoding = 4; lastKnownFileType = text.json; path = landmarkData.json; sourceTree = "<group>"; };
		20F80F6A26FDE49C006FA078 /* ModelData.swift */ = {isa = PBXFileReference; lastKnownFileType = sourcecode.swift; path = ModelData.swift; sourceTree = "<group>"; };
		20F80F6F26FDE730006FA078 /* LandmarkRows.swift */ = {isa = PBXFileReference; lastKnownFileType = sourcecode.swift; path = LandmarkRows.swift; sourceTree = "<group>"; };
		20F80F7126FDECE3006FA078 /* Landmark.swift */ = {isa = PBXFileReference; lastKnownFileType = sourcecode.swift; path = Landmark.swift; sourceTree = "<group>"; };
		20F80F7326FDF400006FA078 /* LandmarkList.swift */ = {isa = PBXFileReference; lastKnownFileType = sourcecode.swift; path = LandmarkList.swift; sourceTree = "<group>"; };
/* End PBXFileReference section */

/* Begin PBXFrameworksBuildPhase section */
		20F80F4E26FDC46B006FA078 /* Frameworks */ = {
			isa = PBXFrameworksBuildPhase;
			buildActionMask = 2147483647;
			files = (
			);
			runOnlyForDeploymentPostprocessing = 0;
		};
/* End PBXFrameworksBuildPhase section */

/* Begin PBXGroup section */
		20D8128E2702FE4A00196F60 /* Landmarks */ = {
			isa = PBXGroup;
			children = (
				20F80F6F26FDE730006FA078 /* LandmarkRows.swift */,
				20F80F7326FDF400006FA078 /* LandmarkList.swift */,
				2064B47526FDF9A7006AE8E4 /* LandmarkDetail.swift */,
			);
			path = Landmarks;
			sourceTree = "<group>";
		};
		20D8128F2702FE8000196F60 /* View */ = {
			isa = PBXGroup;
			children = (
				20F80F5626FDC46B006FA078 /* ContentView.swift */,
			);
			path = View;
			sourceTree = "<group>";
		};
		20F80F4826FDC46B006FA078 = {
			isa = PBXGroup;
			children = (
				20F80F5326FDC46B006FA078 /* MapUI */,
				20F80F5226FDC46B006FA078 /* Products */,
			);
			sourceTree = "<group>";
		};
		20F80F5226FDC46B006FA078 /* Products */ = {
			isa = PBXGroup;
			children = (
				20F80F5126FDC46B006FA078 /* MapUI.app */,
			);
			name = Products;
			sourceTree = "<group>";
		};
		20F80F5326FDC46B006FA078 /* MapUI */ = {
			isa = PBXGroup;
			children = (
				20F80F5426FDC46B006FA078 /* MapUIApp.swift */,
				20D8128F2702FE8000196F60 /* View */,
				20D8128E2702FE4A00196F60 /* Landmarks */,
				20F80F6E26FDE697006FA078 /* Resources */,
				20F80F6D26FDE67D006FA078 /* Model */,
				20F80F6C26FDE660006FA078 /* Helpers */,
				20F80F5826FDC46F006FA078 /* Assets.xcassets */,
				20F80F5A26FDC46F006FA078 /* Preview Content */,
			);
			path = MapUI;
			sourceTree = "<group>";
		};
		20F80F5A26FDC46F006FA078 /* Preview Content */ = {
			isa = PBXGroup;
			children = (
				20F80F5B26FDC46F006FA078 /* Preview Assets.xcassets */,
			);
			path = "Preview Content";
			sourceTree = "<group>";
		};
		20F80F6C26FDE660006FA078 /* Helpers */ = {
			isa = PBXGroup;
			children = (
				20F80F6426FDD124006FA078 /* MapView.swift */,
				20F80F6226FDCFCD006FA078 /* CircleImage.swift */,
				20D8128C2702EED500196F60 /* FavoriteButton.swift */,
			);
			path = Helpers;
			sourceTree = "<group>";
		};
		20F80F6D26FDE67D006FA078 /* Model */ = {
			isa = PBXGroup;
			children = (
				20F80F6A26FDE49C006FA078 /* ModelData.swift */,
				20F80F7126FDECE3006FA078 /* Landmark.swift */,
			);
			path = Model;
			sourceTree = "<group>";
		};
		20F80F6E26FDE697006FA078 /* Resources */ = {
			isa = PBXGroup;
			children = (
				20F80F6626FDE149006FA078 /* landmarkData.json */,
			);
			path = Resources;
			sourceTree = "<group>";
		};
/* End PBXGroup section */

/* Begin PBXNativeTarget section */
		20F80F5026FDC46B006FA078 /* MapUI */ = {
			isa = PBXNativeTarget;
			buildConfigurationList = 20F80F5F26FDC46F006FA078 /* Build configuration list for PBXNativeTarget "MapUI" */;
			buildPhases = (
				20F80F4D26FDC46B006FA078 /* Sources */,
				20F80F4E26FDC46B006FA078 /* Frameworks */,
				20F80F4F26FDC46B006FA078 /* Resources */,
			);
			buildRules = (
			);
			dependencies = (
			);
			name = MapUI;
			productName = MapUI;
			productReference = 20F80F5126FDC46B006FA078 /* MapUI.app */;
			productType = "com.apple.product-type.application";
		};
/* End PBXNativeTarget section */

/* Begin PBXProject section */
		20F80F4926FDC46B006FA078 /* Project object */ = {
			isa = PBXProject;
			attributes = {
				BuildIndependentTargetsInParallel = 1;
				LastSwiftUpdateCheck = 1300;
				LastUpgradeCheck = 1300;
				TargetAttributes = {
					20F80F5026FDC46B006FA078 = {
						CreatedOnToolsVersion = 13.0;
					};
				};
			};
			buildConfigurationList = 20F80F4C26FDC46B006FA078 /* Build configuration list for PBXProject "MapUI" */;
			compatibilityVersion = "Xcode 13.0";
			developmentRegion = en;
			hasScannedForEncodings = 0;
			knownRegions = (
				en,
				Base,
			);
			mainGroup = 20F80F4826FDC46B006FA078;
			productRefGroup = 20F80F5226FDC46B006FA078 /* Products */;
			projectDirPath = "";
			projectRoot = "";
			targets = (
				20F80F5026FDC46B006FA078 /* MapUI */,
			);
		};
/* End PBXProject section */

/* Begin PBXResourcesBuildPhase section */
		20F80F4F26FDC46B006FA078 /* Resources */ = {
			isa = PBXResourcesBuildPhase;
			buildActionMask = 2147483647;
			files = (
				20F80F5C26FDC46F006FA078 /* Preview Assets.xcassets in Resources */,
				20F80F5926FDC46F006FA078 /* Assets.xcassets in Resources */,
				20F80F6726FDE14A006FA078 /* landmarkData.json in Resources */,
			);
			runOnlyForDeploymentPostprocessing = 0;
		};
/* End PBXResourcesBuildPhase section */

/* Begin PBXSourcesBuildPhase section */
		20F80F4D26FDC46B006FA078 /* Sources */ = {
			isa = PBXSourcesBuildPhase;
			buildActionMask = 2147483647;
			files = (
				20F80F7226FDECE3006FA078 /* Landmark.swift in Sources */,
				20F80F5726FDC46B006FA078 /* ContentView.swift in Sources */,
				20F80F6526FDD124006FA078 /* MapView.swift in Sources */,
				20D8128D2702EED500196F60 /* FavoriteButton.swift in Sources */,
				20F80F5526FDC46B006FA078 /* MapUIApp.swift in Sources */,
				2064B47626FDF9A7006AE8E4 /* LandmarkDetail.swift in Sources */,
				20F80F6B26FDE49C006FA078 /* ModelData.swift in Sources */,
				20F80F7026FDE730006FA078 /* LandmarkRows.swift in Sources */,
				20F80F6326FDCFCD006FA078 /* CircleImage.swift in Sources */,
				20F80F7426FDF400006FA078 /* LandmarkList.swift in Sources */,
			);
			runOnlyForDeploymentPostprocessing = 0;
		};
/* End PBXSourcesBuildPhase section */

/* Begin XCBuildConfiguration section */
		20F80F5D26FDC46F006FA078 /* Debug */ = {
			isa = XCBuildConfiguration;
			buildSettings = {
				ALWAYS_SEARCH_USER_PATHS = NO;
				CLANG_ANALYZER_NONNULL = YES;
				CLANG_ANALYZER_NUMBER_OBJECT_CONVERSION = YES_AGGRESSIVE;
				CLANG_CXX_LANGUAGE_STANDARD = "gnu++17";
				CLANG_CXX_LIBRARY = "libc++";
				CLANG_ENABLE_MODULES = YES;
				CLANG_ENABLE_OBJC_ARC = YES;
				CLANG_ENABLE_OBJC_WEAK = YES;
				CLANG_WARN_BLOCK_CAPTURE_AUTORELEASING = YES;
				CLANG_WARN_BOOL_CONVERSION = YES;
				CLANG_WARN_COMMA = YES;
				CLANG_WARN_CONSTANT_CONVERSION = YES;
				CLANG_WARN_DEPRECATED_OBJC_IMPLEMENTATIONS = YES;
				CLANG_WARN_DIRECT_OBJC_ISA_USAGE = YES_ERROR;
				CLANG_WARN_DOCUMENTATION_COMMENTS = YES;
				CLANG_WARN_EMPTY_BODY = YES;
				CLANG_WARN_ENUM_CONVERSION = YES;
				CLANG_WARN_INFINITE_RECURSION = YES;
				CLANG_WARN_INT_CONVERSION = YES;
				CLANG_WARN_NON_LITERAL_NULL_CONVERSION = YES;
				CLANG_WARN_OBJC_IMPLICIT_RETAIN_SELF = YES;
				CLANG_WARN_OBJC_LITERAL_CONVERSION = YES;
				CLANG_WARN_OBJC_ROOT_CLASS = YES_ERROR;
				CLANG_WARN_QUOTED_INCLUDE_IN_FRAMEWORK_HEADER = YES;
				CLANG_WARN_RANGE_LOOP_ANALYSIS = YES;
				CLANG_WARN_STRICT_PROTOTYPES = YES;
				CLANG_WARN_SUSPICIOUS_MOVE = YES;
				CLANG_WARN_UNGUARDED_AVAILABILITY = YES_AGGRESSIVE;
				CLANG_WARN_UNREACHABLE_CODE = YES;
				CLANG_WARN__DUPLICATE_METHOD_MATCH = YES;
				COPY_PHASE_STRIP = NO;
				DEBUG_INFORMATION_FORMAT = dwarf;
				ENABLE_STRICT_OBJC_MSGSEND = YES;
				ENABLE_TESTABILITY = YES;
				GCC_C_LANGUAGE_STANDARD = gnu11;
				GCC_DYNAMIC_NO_PIC = NO;
				GCC_NO_COMMON_BLOCKS = YES;
				GCC_OPTIMIZATION_LEVEL = 0;
				GCC_PREPROCESSOR_DEFINITIONS = (
					"DEBUG=1",
					"$(inherited)",
				);
				GCC_WARN_64_TO_32_BIT_CONVERSION = YES;
				GCC_WARN_ABOUT_RETURN_TYPE = YES_ERROR;
				GCC_WARN_UNDECLARED_SELECTOR = YES;
				GCC_WARN_UNINITIALIZED_AUTOS = YES_AGGRESSIVE;
				GCC_WARN_UNUSED_FUNCTION = YES;
				GCC_WARN_UNUSED_VARIABLE = YES;
				IPHONEOS_DEPLOYMENT_TARGET = 15.0;
				MTL_ENABLE_DEBUG_INFO = INCLUDE_SOURCE;
				MTL_FAST_MATH = YES;
				ONLY_ACTIVE_ARCH = YES;
				SDKROOT = iphoneos;
				SWIFT_ACTIVE_COMPILATION_CONDITIONS = DEBUG;
				SWIFT_OPTIMIZATION_LEVEL = "-Onone";
			};
			name = Debug;
		};
		20F80F5E26FDC46F006FA078 /* Release */ = {
			isa = XCBuildConfiguration;
			buildSettings = {
				ALWAYS_SEARCH_USER_PATHS = NO;
				CLANG_ANALYZER_NONNULL = YES;
				CLANG_ANALYZER_NUMBER_OBJECT_CONVERSION = YES_AGGRESSIVE;
				CLANG_CXX_LANGUAGE_STANDARD = "gnu++17";
				CLANG_CXX_LIBRARY = "libc++";
				CLANG_ENABLE_MODULES = YES;
				CLANG_ENABLE_OBJC_ARC = YES;
				CLANG_ENABLE_OBJC_WEAK = YES;
				CLANG_WARN_BLOCK_CAPTURE_AUTORELEASING = YES;
				CLANG_WARN_BOOL_CONVERSION = YES;
				CLANG_WARN_COMMA = YES;
				CLANG_WARN_CONSTANT_CONVERSION = YES;
				CLANG_WARN_DEPRECATED_OBJC_IMPLEMENTATIONS = YES;
				CLANG_WARN_DIRECT_OBJC_ISA_USAGE = YES_ERROR;
				CLANG_WARN_DOCUMENTATION_COMMENTS = YES;
				CLANG_WARN_EMPTY_BODY = YES;
				CLANG_WARN_ENUM_CONVERSION = YES;
				CLANG_WARN_INFINITE_RECURSION = YES;
				CLANG_WARN_INT_CONVERSION = YES;
				CLANG_WARN_NON_LITERAL_NULL_CONVERSION = YES;
				CLANG_WARN_OBJC_IMPLICIT_RETAIN_SELF = YES;
				CLANG_WARN_OBJC_LITERAL_CONVERSION = YES;
				CLANG_WARN_OBJC_ROOT_CLASS = YES_ERROR;
				CLANG_WARN_QUOTED_INCLUDE_IN_FRAMEWORK_HEADER = YES;
				CLANG_WARN_RANGE_LOOP_ANALYSIS = YES;
				CLANG_WARN_STRICT_PROTOTYPES = YES;
				CLANG_WARN_SUSPICIOUS_MOVE = YES;
				CLANG_WARN_UNGUARDED_AVAILABILITY = YES_AGGRESSIVE;
				CLANG_WARN_UNREACHABLE_CODE = YES;
				CLANG_WARN__DUPLICATE_METHOD_MATCH = YES;
				COPY_PHASE_STRIP = NO;
				DEBUG_INFORMATION_FORMAT = "dwarf-with-dsym";
				ENABLE_NS_ASSERTIONS = NO;
				ENABLE_STRICT_OBJC_MSGSEND = YES;
				GCC_C_LANGUAGE_STANDARD = gnu11;
				GCC_NO_COMMON_BLOCKS = YES;
				GCC_WARN_64_TO_32_BIT_CONVERSION = YES;
				GCC_WARN_ABOUT_RETURN_TYPE = YES_ERROR;
				GCC_WARN_UNDECLARED_SELECTOR = YES;
				GCC_WARN_UNINITIALIZED_AUTOS = YES_AGGRESSIVE;
				GCC_WARN_UNUSED_FUNCTION = YES;
				GCC_WARN_UNUSED_VARIABLE = YES;
				IPHONEOS_DEPLOYMENT_TARGET = 15.0;
				MTL_ENABLE_DEBUG_INFO = NO;
				MTL_FAST_MATH = YES;
				SDKROOT = iphoneos;
				SWIFT_COMPILATION_MODE = wholemodule;
				SWIFT_OPTIMIZATION_LEVEL = "-O";
				VALIDATE_PRODUCT = YES;
			};
			name = Release;
		};
		20F80F6026FDC46F006FA078 /* Debug */ = {
			isa = XCBuildConfiguration;
			buildSettings = {
				ASSETCATALOG_COMPILER_APPICON_NAME = AppIcon;
				ASSETCATALOG_COMPILER_GLOBAL_ACCENT_COLOR_NAME = AccentColor;
				CODE_SIGN_STYLE = Automatic;
				CURRENT_PROJECT_VERSION = 1;
				DEVELOPMENT_ASSET_PATHS = "\"MapUI/Preview Content\"";
				DEVELOPMENT_TEAM = 3975FF67Q5;
				ENABLE_PREVIEWS = YES;
				GENERATE_INFOPLIST_FILE = YES;
				INFOPLIST_KEY_UIApplicationSceneManifest_Generation = YES;
				INFOPLIST_KEY_UIApplicationSupportsIndirectInputEvents = YES;
				INFOPLIST_KEY_UILaunchScreen_Generation = YES;
				INFOPLIST_KEY_UISupportedInterfaceOrientations_iPad = "UIInterfaceOrientationPortrait UIInterfaceOrientationPortraitUpsideDown UIInterfaceOrientationLandscapeLeft UIInterfaceOrientationLandscapeRight";
				INFOPLIST_KEY_UISupportedInterfaceOrientations_iPhone = "UIInterfaceOrientationPortrait UIInterfaceOrientationLandscapeLeft UIInterfaceOrientationLandscapeRight";
				IPHONEOS_DEPLOYMENT_TARGET = 14.0;
				LD_RUNPATH_SEARCH_PATHS = (
					"$(inherited)",
					"@executable_path/Frameworks",
				);
				MARKETING_VERSION = 1.0;
				PRODUCT_BUNDLE_IDENTIFIER = iBlessme.MapUI;
				PRODUCT_NAME = "$(TARGET_NAME)";
				SWIFT_EMIT_LOC_STRINGS = YES;
				SWIFT_VERSION = 5.0;
				TARGETED_DEVICE_FAMILY = "1,2";
			};
			name = Debug;
		};
		20F80F6126FDC46F006FA078 /* Release */ = {
			isa = XCBuildConfiguration;
			buildSettings = {
				ASSETCATALOG_COMPILER_APPICON_NAME = AppIcon;
				ASSETCATALOG_COMPILER_GLOBAL_ACCENT_COLOR_NAME = AccentColor;
				CODE_SIGN_STYLE = Automatic;
				CURRENT_PROJECT_VERSION = 1;
				DEVELOPMENT_ASSET_PATHS = "\"MapUI/Preview Content\"";
				DEVELOPMENT_TEAM = 3975FF67Q5;
				ENABLE_PREVIEWS = YES;
				GENERATE_INFOPLIST_FILE = YES;
				INFOPLIST_KEY_UIApplicationSceneManifest_Generation = YES;
				INFOPLIST_KEY_UIApplicationSupportsIndirectInputEvents = YES;
				INFOPLIST_KEY_UILaunchScreen_Generation = YES;
				INFOPLIST_KEY_UISupportedInterfaceOrientations_iPad = "UIInterfaceOrientationPortrait UIInterfaceOrientationPortraitUpsideDown UIInterfaceOrientationLandscapeLeft UIInterfaceOrientationLandscapeRight";
				INFOPLIST_KEY_UISupportedInterfaceOrientations_iPhone = "UIInterfaceOrientationPortrait UIInterfaceOrientationLandscapeLeft UIInterfaceOrientationLandscapeRight";
				IPHONEOS_DEPLOYMENT_TARGET = 14.0;
				LD_RUNPATH_SEARCH_PATHS = (
					"$(inherited)",
					"@executable_path/Frameworks",
				);
				MARKETING_VERSION = 1.0;
				PRODUCT_BUNDLE_IDENTIFIER = iBlessme.MapUI;
				PRODUCT_NAME = "$(TARGET_NAME)";
				SWIFT_EMIT_LOC_STRINGS = YES;
				SWIFT_VERSION = 5.0;
				TARGETED_DEVICE_FAMILY = "1,2";
			};
			name = Release;
		};
/* End XCBuildConfiguration section */

/* Begin XCConfigurationList section */
		20F80F4C26FDC46B006FA078 /* Build configuration list for PBXProject "MapUI" */ = {
			isa = XCConfigurationList;
			buildConfigurations = (
				20F80F5D26FDC46F006FA078 /* Debug */,
				20F80F5E26FDC46F006FA078 /* Release */,
			);
			defaultConfigurationIsVisible = 0;
			defaultConfigurationName = Release;
		};
		20F80F5F26FDC46F006FA078 /* Build configuration list for PBXNativeTarget "MapUI" */ = {
			isa = XCConfigurationList;
			buildConfigurations = (
				20F80F6026FDC46F006FA078 /* Debug */,
				20F80F6126FDC46F006FA078 /* Release */,
			);
			defaultConfigurationIsVisible = 0;
			defaultConfigurationName = Release;
		};
/* End XCConfigurationList section */
	};
	rootObject = 20F80F4926FDC46B006FA078 /* Project object */;
}
